
Microsoft Visual Studio Solution File, Format Version 12.00
# Visual Studio Version 16
VisualStudioVersion = 16.0.32630.194
MinimumVisualStudioVersion = 10.0.40219.1
Project("{C9674DCB-5085-4A16-B785-4C70DD1589BD}") = "Delta_ModifiedDate", "Delta_ModifiedDate.dtproj", "{6CD73C38-1C75-40A0-BD43-CB4075AC3EF4}"
EndProject
Global
	GlobalSection(SolutionConfigurationPlatforms) = preSolution
		Development|Default = Development|Default
	EndGlobalSection
	GlobalSection(ProjectConfigurationPlatforms) = postSolution
		{6CD73C38-1C75-40A0-BD43-CB4075AC3EF4}.Development|Default.ActiveCfg = Development
		{6CD73C38-1C75-40A0-BD43-CB4075AC3EF4}.Development|Default.Build.0 = Development
	EndGlobalSection
	GlobalSection(SolutionProperties) = preSolution
		HideSolutionNode = FALSE
	EndGlobalSection
	GlobalSection(ExtensibilityGlobals) = postSolution
		SolutionGuid = {0F5B5E6D-A6D9-45E6-8B12-ED5586001182}
	EndGlobalSection
EndGlobal
